
Microsoft Visual Studio Solution File, Format Version 12.00
# Visual Studio 2012
Project("{FAE04EC0-301F-11D3-BF4B-00C04F79EFBC}") = "WCFSelfHosting", "WCFSelfHosting\WCFSelfHosting.csproj", "{EFF13165-F611-40E6-BC35-AEE7099ED240}"
EndProject
Global
	GlobalSection(SolutionConfigurationPlatforms) = preSolution
		Debug|Any CPU = Debug|Any CPU
		Release|Any CPU = Release|Any CPU
	EndGlobalSection
	GlobalSection(ProjectConfigurationPlatforms) = postSolution
		{EFF13165-F611-40E6-BC35-AEE7099ED240}.Debug|Any CPU.ActiveCfg = Debug|Any CPU
		{EFF13165-F611-40E6-BC35-AEE7099ED240}.Debug|Any CPU.Build.0 = Debug|Any CPU
		{EFF13165-F611-40E6-BC35-AEE7099ED240}.Release|Any CPU.ActiveCfg = Release|Any CPU
		{EFF13165-F611-40E6-BC35-AEE7099ED240}.Release|Any CPU.Build.0 = Release|Any CPU
	EndGlobalSection
	GlobalSection(SolutionProperties) = preSolution
		HideSolutionNode = FALSE
	EndGlobalSection
EndGlobal
